
Microsoft Visual Studio Solution File, Format Version 12.00
# Visual Studio 2012
Project("{FAE04EC0-301F-11D3-BF4B-00C04F79EFBC}") = "WebSocketServer", "WebSocketServer\WebSocketServer.csproj", "{CC9CFE96-4647-4E8A-89F7-4818B4A006FE}"
EndProject
Global
	GlobalSection(SolutionConfigurationPlatforms) = preSolution
		Debug|Any CPU = Debug|Any CPU
		Release|Any CPU = Release|Any CPU
	EndGlobalSection
	GlobalSection(ProjectConfigurationPlatforms) = postSolution
		{CC9CFE96-4647-4E8A-89F7-4818B4A006FE}.Debug|Any CPU.ActiveCfg = Debug|Any CPU
		{CC9CFE96-4647-4E8A-89F7-4818B4A006FE}.Debug|Any CPU.Build.0 = Debug|Any CPU
		{CC9CFE96-4647-4E8A-89F7-4818B4A006FE}.Release|Any CPU.ActiveCfg = Release|Any CPU
		{CC9CFE96-4647-4E8A-89F7-4818B4A006FE}.Release|Any CPU.Build.0 = Release|Any CPU
	EndGlobalSection
	GlobalSection(SolutionProperties) = preSolution
		HideSolutionNode = FALSE
	EndGlobalSection
EndGlobal
